{
  "originHash" : "931440278103ba39b2d835f2c346aeb873ebcb4ff41767ce2ae24e250b359dbe",
  "pins" : [
    {
      "identity" : "apollo-ios",
      "kind" : "remoteSourceControl",
      "location" : "https://github.com/apollographql/apollo-ios.git",
      "state" : {
        "revision" : "39fea7617346c0731be25f61afd537e7032fb562",
        "version" : "1.22.0"
      }
    }
  ],
  "version" : 3
}
