// !$*UTF8*$!
{
	archiveVersion = 1;
	classes = {
	};
	objectVersion = 77;
	objects = {

/* Begin PBXBuildFile section */
		30AEBAD3F6850CED7384BAB3 /* libPods-CountryListTests.a in Frameworks */ = {isa = PBXBuildFile; fileRef = 3D525C51A0F9C15F8D87D45E /* libPods-CountryListTests.a */; };
		4F1AC163BFDD3A1FA64A9E21 /* libPods-CountryList-CountryListUITests.a in Frameworks */ = {isa = PBXBuildFile; fileRef = 218854A7116F8B3C4835BFA5 /* libPods-CountryList-CountryListUITests.a */; };
		88F530BFE57D1007B4F67AFD /* libPods-CountryList.a in Frameworks */ = {isa = PBXBuildFile; fileRef = E220421FEA1F0CD500DB1124 /* libPods-CountryList.a */; };
		DD092E1B2DFFD4B5005C5901 /* Apollo in Frameworks */ = {isa = PBXBuildFile; productRef = DD092E1A2DFFD4B5005C5901 /* Apollo */; };
/* End PBXBuildFile section */

/* Begin PBXContainerItemProxy section */
		DDD55E742DFFCDDF00C231CA /* PBXContainerItemProxy */ = {
			isa = PBXContainerItemProxy;
			containerPortal = DDD55E5B2DFFCDDE00C231CA /* Project object */;
			proxyType = 1;
			remoteGlobalIDString = DDD55E622DFFCDDE00C231CA;
			remoteInfo = CountryList;
		};
		DDD55E7E2DFFCDDF00C231CA /* PBXContainerItemProxy */ = {
			isa = PBXContainerItemProxy;
			containerPortal = DDD55E5B2DFFCDDE00C231CA /* Project object */;
			proxyType = 1;
			remoteGlobalIDString = DDD55E622DFFCDDE00C231CA;
			remoteInfo = CountryList;
		};
/* End PBXContainerItemProxy section */

/* Begin PBXFileReference section */
		218854A7116F8B3C4835BFA5 /* libPods-CountryList-CountryListUITests.a */ = {isa = PBXFileReference; explicitFileType = archive.ar; includeInIndex = 0; path = "libPods-CountryList-CountryListUITests.a"; sourceTree = BUILT_PRODUCTS_DIR; };
		3D525C51A0F9C15F8D87D45E /* libPods-CountryListTests.a */ = {isa = PBXFileReference; explicitFileType = archive.ar; includeInIndex = 0; path = "libPods-CountryListTests.a"; sourceTree = BUILT_PRODUCTS_DIR; };
		9ADBE525C66620372A91E82F /* Pods-CountryListTests.release.xcconfig */ = {isa = PBXFileReference; includeInIndex = 1; lastKnownFileType = text.xcconfig; name = "Pods-CountryListTests.release.xcconfig"; path = "Target Support Files/Pods-CountryListTests/Pods-CountryListTests.release.xcconfig"; sourceTree = "<group>"; };
		A933B0677C8A0787011F8AF0 /* Pods-CountryList.debug.xcconfig */ = {isa = PBXFileReference; includeInIndex = 1; lastKnownFileType = text.xcconfig; name = "Pods-CountryList.debug.xcconfig"; path = "Target Support Files/Pods-CountryList/Pods-CountryList.debug.xcconfig"; sourceTree = "<group>"; };
		AF786D804009A90E25FDA2DE /* Pods-CountryList-CountryListUITests.debug.xcconfig */ = {isa = PBXFileReference; includeInIndex = 1; lastKnownFileType = text.xcconfig; name = "Pods-CountryList-CountryListUITests.debug.xcconfig"; path = "Target Support Files/Pods-CountryList-CountryListUITests/Pods-CountryList-CountryListUITests.debug.xcconfig"; sourceTree = "<group>"; };
		C65CA4DD358BEB0AC39AF3D0 /* Pods-CountryList-CountryListUITests.release.xcconfig */ = {isa = PBXFileReference; includeInIndex = 1; lastKnownFileType = text.xcconfig; name = "Pods-CountryList-CountryListUITests.release.xcconfig"; path = "Target Support Files/Pods-CountryList-CountryListUITests/Pods-CountryList-CountryListUITests.release.xcconfig"; sourceTree = "<group>"; };
		DA6E966A881BF747AA6CBD6D /* Pods-CountryList.release.xcconfig */ = {isa = PBXFileReference; includeInIndex = 1; lastKnownFileType = text.xcconfig; name = "Pods-CountryList.release.xcconfig"; path = "Target Support Files/Pods-CountryList/Pods-CountryList.release.xcconfig"; sourceTree = "<group>"; };
		DDD55E632DFFCDDE00C231CA /* CountryList.app */ = {isa = PBXFileReference; explicitFileType = wrapper.application; includeInIndex = 0; path = CountryList.app; sourceTree = BUILT_PRODUCTS_DIR; };
		DDD55E732DFFCDDF00C231CA /* CountryListTests.xctest */ = {isa = PBXFileReference; explicitFileType = wrapper.cfbundle; includeInIndex = 0; path = CountryListTests.xctest; sourceTree = BUILT_PRODUCTS_DIR; };
		DDD55E7D2DFFCDDF00C231CA /* CountryListUITests.xctest */ = {isa = PBXFileReference; explicitFileType = wrapper.cfbundle; includeInIndex = 0; path = CountryListUITests.xctest; sourceTree = BUILT_PRODUCTS_DIR; };
		E220421FEA1F0CD500DB1124 /* libPods-CountryList.a */ = {isa = PBXFileReference; explicitFileType = archive.ar; includeInIndex = 0; path = "libPods-CountryList.a"; sourceTree = BUILT_PRODUCTS_DIR; };
		EBFDC9204594292EAA0518D0 /* Pods-CountryListTests.debug.xcconfig */ = {isa = PBXFileReference; includeInIndex = 1; lastKnownFileType = text.xcconfig; name = "Pods-CountryListTests.debug.xcconfig"; path = "Target Support Files/Pods-CountryListTests/Pods-CountryListTests.debug.xcconfig"; sourceTree = "<group>"; };
/* End PBXFileReference section */

/* Begin PBXFileSystemSynchronizedRootGroup section */
		DD4403532E222BDC00D3A6B9 /* Images */ = {
			isa = PBXFileSystemSynchronizedRootGroup;
			path = Images;
			sourceTree = "<group>";
		};
		DDBB9AD42DFFDAC2000F73DB /* GraphQL */ = {
			isa = PBXFileSystemSynchronizedRootGroup;
			path = GraphQL;
			sourceTree = "<group>";
		};
		DDBB9AD62E00FF78000F73DB /* Apollo */ = {
			isa = PBXFileSystemSynchronizedRootGroup;
			path = Apollo;
			sourceTree = "<group>";
		};
		DDD55E652DFFCDDE00C231CA /* CountryList */ = {
			isa = PBXFileSystemSynchronizedRootGroup;
			path = CountryList;
			sourceTree = "<group>";
		};
		DDD55E762DFFCDDF00C231CA /* CountryListTests */ = {
			isa = PBXFileSystemSynchronizedRootGroup;
			path = CountryListTests;
			sourceTree = "<group>";
		};
		DDD55E802DFFCDDF00C231CA /* CountryListUITests */ = {
			isa = PBXFileSystemSynchronizedRootGroup;
			path = CountryListUITests;
			sourceTree = "<group>";
		};
/* End PBXFileSystemSynchronizedRootGroup section */

/* Begin PBXFrameworksBuildPhase section */
		DDD55E602DFFCDDE00C231CA /* Frameworks */ = {
			isa = PBXFrameworksBuildPhase;
			buildActionMask = 2147483647;
			files = (
				DD092E1B2DFFD4B5005C5901 /* Apollo in Frameworks */,
				88F530BFE57D1007B4F67AFD /* libPods-CountryList.a in Frameworks */,
			);
			runOnlyForDeploymentPostprocessing = 0;
		};
		DDD55E702DFFCDDF00C231CA /* Frameworks */ = {
			isa = PBXFrameworksBuildPhase;
			buildActionMask = 2147483647;
			files = (
				30AEBAD3F6850CED7384BAB3 /* libPods-CountryListTests.a in Frameworks */,
			);
			runOnlyForDeploymentPostprocessing = 0;
		};
		DDD55E7A2DFFCDDF00C231CA /* Frameworks */ = {
			isa = PBXFrameworksBuildPhase;
			buildActionMask = 2147483647;
			files = (
				4F1AC163BFDD3A1FA64A9E21 /* libPods-CountryList-CountryListUITests.a in Frameworks */,
			);
			runOnlyForDeploymentPostprocessing = 0;
		};
/* End PBXFrameworksBuildPhase section */

/* Begin PBXGroup section */
		0578FB3FA2152D4AE4F8C048 /* Frameworks */ = {
			isa = PBXGroup;
			children = (
				E220421FEA1F0CD500DB1124 /* libPods-CountryList.a */,
				218854A7116F8B3C4835BFA5 /* libPods-CountryList-CountryListUITests.a */,
				3D525C51A0F9C15F8D87D45E /* libPods-CountryListTests.a */,
			);
			name = Frameworks;
			sourceTree = "<group>";
		};
		3CEE23FCAE3CEF56F642F856 /* Pods */ = {
			isa = PBXGroup;
			children = (
				A933B0677C8A0787011F8AF0 /* Pods-CountryList.debug.xcconfig */,
				DA6E966A881BF747AA6CBD6D /* Pods-CountryList.release.xcconfig */,
				AF786D804009A90E25FDA2DE /* Pods-CountryList-CountryListUITests.debug.xcconfig */,
				C65CA4DD358BEB0AC39AF3D0 /* Pods-CountryList-CountryListUITests.release.xcconfig */,
				EBFDC9204594292EAA0518D0 /* Pods-CountryListTests.debug.xcconfig */,
				9ADBE525C66620372A91E82F /* Pods-CountryListTests.release.xcconfig */,
			);
			path = Pods;
			sourceTree = "<group>";
		};
		DDD55E5A2DFFCDDE00C231CA = {
			isa = PBXGroup;
			children = (
				DD4403532E222BDC00D3A6B9 /* Images */,
				DDBB9AD62E00FF78000F73DB /* Apollo */,
				DDD55E652DFFCDDE00C231CA /* CountryList */,
				DDD55E762DFFCDDF00C231CA /* CountryListTests */,
				DDD55E802DFFCDDF00C231CA /* CountryListUITests */,
				DDD55E642DFFCDDE00C231CA /* Products */,
				DDBB9AD42DFFDAC2000F73DB /* GraphQL */,
				3CEE23FCAE3CEF56F642F856 /* Pods */,
				0578FB3FA2152D4AE4F8C048 /* Frameworks */,
			);
			sourceTree = "<group>";
		};
		DDD55E642DFFCDDE00C231CA /* Products */ = {
			isa = PBXGroup;
			children = (
				DDD55E632DFFCDDE00C231CA /* CountryList.app */,
				DDD55E732DFFCDDF00C231CA /* CountryListTests.xctest */,
				DDD55E7D2DFFCDDF00C231CA /* CountryListUITests.xctest */,
			);
			name = Products;
			sourceTree = "<group>";
		};
/* End PBXGroup section */

/* Begin PBXNativeTarget section */
		DDD55E622DFFCDDE00C231CA /* CountryList */ = {
			isa = PBXNativeTarget;
			buildConfigurationList = DDD55E872DFFCDDF00C231CA /* Build configuration list for PBXNativeTarget "CountryList" */;
			buildPhases = (
				98BBAB76B98113E2B60535BC /* [CP] Check Pods Manifest.lock */,
				DDD55E5F2DFFCDDE00C231CA /* Sources */,
				DDD55E602DFFCDDE00C231CA /* Frameworks */,
				DDD55E612DFFCDDE00C231CA /* Resources */,
			);
			buildRules = (
			);
			dependencies = (
			);
			fileSystemSynchronizedGroups = (
				DD4403532E222BDC00D3A6B9 /* Images */,
				DDBB9AD42DFFDAC2000F73DB /* GraphQL */,
				DDBB9AD62E00FF78000F73DB /* Apollo */,
				DDD55E652DFFCDDE00C231CA /* CountryList */,
			);
			name = CountryList;
			packageProductDependencies = (
				DD092E1A2DFFD4B5005C5901 /* Apollo */,
			);
			productName = CountryList;
			productReference = DDD55E632DFFCDDE00C231CA /* CountryList.app */;
			productType = "com.apple.product-type.application";
		};
		DDD55E722DFFCDDF00C231CA /* CountryListTests */ = {
			isa = PBXNativeTarget;
			buildConfigurationList = DDD55E8A2DFFCDDF00C231CA /* Build configuration list for PBXNativeTarget "CountryListTests" */;
			buildPhases = (
				42EBA06BD8078A8E5074A8D0 /* [CP] Check Pods Manifest.lock */,
				DDD55E6F2DFFCDDF00C231CA /* Sources */,
				DDD55E702DFFCDDF00C231CA /* Frameworks */,
				DDD55E712DFFCDDF00C231CA /* Resources */,
				64D02F6319FF4D6210555953 /* [CP] Copy Pods Resources */,
			);
			buildRules = (
			);
			dependencies = (
				DDD55E752DFFCDDF00C231CA /* PBXTargetDependency */,
			);
			fileSystemSynchronizedGroups = (
				DDD55E762DFFCDDF00C231CA /* CountryListTests */,
			);
			name = CountryListTests;
			productName = CountryListTests;
			productReference = DDD55E732DFFCDDF00C231CA /* CountryListTests.xctest */;
			productType = "com.apple.product-type.bundle.unit-test";
		};
		DDD55E7C2DFFCDDF00C231CA /* CountryListUITests */ = {
			isa = PBXNativeTarget;
			buildConfigurationList = DDD55E8D2DFFCDDF00C231CA /* Build configuration list for PBXNativeTarget "CountryListUITests" */;
			buildPhases = (
				D8FE527DD0F6480BDC8154CC /* [CP] Check Pods Manifest.lock */,
				DDD55E792DFFCDDF00C231CA /* Sources */,
				DDD55E7A2DFFCDDF00C231CA /* Frameworks */,
				DDD55E7B2DFFCDDF00C231CA /* Resources */,
			);
			buildRules = (
			);
			dependencies = (
				DDD55E7F2DFFCDDF00C231CA /* PBXTargetDependency */,
			);
			fileSystemSynchronizedGroups = (
				DDD55E802DFFCDDF00C231CA /* CountryListUITests */,
			);
			name = CountryListUITests;
			productName = CountryListUITests;
			productReference = DDD55E7D2DFFCDDF00C231CA /* CountryListUITests.xctest */;
			productType = "com.apple.product-type.bundle.ui-testing";
		};
/* End PBXNativeTarget section */

/* Begin PBXProject section */
		DDD55E5B2DFFCDDE00C231CA /* Project object */ = {
			isa = PBXProject;
			attributes = {
				BuildIndependentTargetsInParallel = 1;
				LastSwiftUpdateCheck = 1620;
				LastUpgradeCheck = 1620;
				TargetAttributes = {
					DDD55E622DFFCDDE00C231CA = {
						CreatedOnToolsVersion = 16.2;
					};
					DDD55E722DFFCDDF00C231CA = {
						CreatedOnToolsVersion = 16.2;
						TestTargetID = DDD55E622DFFCDDE00C231CA;
					};
					DDD55E7C2DFFCDDF00C231CA = {
						CreatedOnToolsVersion = 16.2;
						TestTargetID = DDD55E622DFFCDDE00C231CA;
					};
				};
			};
			buildConfigurationList = DDD55E5E2DFFCDDE00C231CA /* Build configuration list for PBXProject "CountryList" */;
			developmentRegion = en;
			hasScannedForEncodings = 0;
			knownRegions = (
				en,
				Base,
			);
			mainGroup = DDD55E5A2DFFCDDE00C231CA;
			minimizedProjectReferenceProxies = 1;
			packageReferences = (
				DD092E192DFFD4B5005C5901 /* XCRemoteSwiftPackageReference "apollo-ios" */,
			);
			preferredProjectObjectVersion = 77;
			productRefGroup = DDD55E642DFFCDDE00C231CA /* Products */;
			projectDirPath = "";
			projectRoot = "";
			targets = (
				DDD55E622DFFCDDE00C231CA /* CountryList */,
				DDD55E722DFFCDDF00C231CA /* CountryListTests */,
				DDD55E7C2DFFCDDF00C231CA /* CountryListUITests */,
			);
		};
/* End PBXProject section */

/* Begin PBXResourcesBuildPhase section */
		DDD55E612DFFCDDE00C231CA /* Resources */ = {
			isa = PBXResourcesBuildPhase;
			buildActionMask = 2147483647;
			files = (
			);
			runOnlyForDeploymentPostprocessing = 0;
		};
		DDD55E712DFFCDDF00C231CA /* Resources */ = {
			isa = PBXResourcesBuildPhase;
			buildActionMask = 2147483647;
			files = (
			);
			runOnlyForDeploymentPostprocessing = 0;
		};
		DDD55E7B2DFFCDDF00C231CA /* Resources */ = {
			isa = PBXResourcesBuildPhase;
			buildActionMask = 2147483647;
			files = (
			);
			runOnlyForDeploymentPostprocessing = 0;
		};
/* End PBXResourcesBuildPhase section */

/* Begin PBXShellScriptBuildPhase section */
		42EBA06BD8078A8E5074A8D0 /* [CP] Check Pods Manifest.lock */ = {
			isa = PBXShellScriptBuildPhase;
			buildActionMask = 2147483647;
			files = (
			);
			inputFileListPaths = (
			);
			inputPaths = (
				"${PODS_PODFILE_DIR_PATH}/Podfile.lock",
				"${PODS_ROOT}/Manifest.lock",
			);
			name = "[CP] Check Pods Manifest.lock";
			outputFileListPaths = (
			);
			outputPaths = (
				"$(DERIVED_FILE_DIR)/Pods-CountryListTests-checkManifestLockResult.txt",
			);
			runOnlyForDeploymentPostprocessing = 0;
			shellPath = /bin/sh;
			shellScript = "diff \"${PODS_PODFILE_DIR_PATH}/Podfile.lock\" \"${PODS_ROOT}/Manifest.lock\" > /dev/null\nif [ $? != 0 ] ; then\n    # print error to STDERR\n    echo \"error: The sandbox is not in sync with the Podfile.lock. Run 'pod install' or update your CocoaPods installation.\" >&2\n    exit 1\nfi\n# This output is used by Xcode 'outputs' to avoid re-running this script phase.\necho \"SUCCESS\" > \"${SCRIPT_OUTPUT_FILE_0}\"\n";
			showEnvVarsInLog = 0;
		};
		64D02F6319FF4D6210555953 /* [CP] Copy Pods Resources */ = {
			isa = PBXShellScriptBuildPhase;
			buildActionMask = 2147483647;
			files = (
			);
			inputFileListPaths = (
				"${PODS_ROOT}/Target Support Files/Pods-CountryListTests/Pods-CountryListTests-resources-${CONFIGURATION}-input-files.xcfilelist",
			);
			name = "[CP] Copy Pods Resources";
			outputFileListPaths = (
				"${PODS_ROOT}/Target Support Files/Pods-CountryListTests/Pods-CountryListTests-resources-${CONFIGURATION}-output-files.xcfilelist",
			);
			runOnlyForDeploymentPostprocessing = 0;
			shellPath = /bin/sh;
			shellScript = "\"${PODS_ROOT}/Target Support Files/Pods-CountryListTests/Pods-CountryListTests-resources.sh\"\n";
			showEnvVarsInLog = 0;
		};
		98BBAB76B98113E2B60535BC /* [CP] Check Pods Manifest.lock */ = {
			isa = PBXShellScriptBuildPhase;
			buildActionMask = 2147483647;
			files = (
			);
			inputFileListPaths = (
			);
			inputPaths = (
				"${PODS_PODFILE_DIR_PATH}/Podfile.lock",
				"${PODS_ROOT}/Manifest.lock",
			);
			name = "[CP] Check Pods Manifest.lock";
			outputFileListPaths = (
			);
			outputPaths = (
				"$(DERIVED_FILE_DIR)/Pods-CountryList-checkManifestLockResult.txt",
			);
			runOnlyForDeploymentPostprocessing = 0;
			shellPath = /bin/sh;
			shellScript = "diff \"${PODS_PODFILE_DIR_PATH}/Podfile.lock\" \"${PODS_ROOT}/Manifest.lock\" > /dev/null\nif [ $? != 0 ] ; then\n    # print error to STDERR\n    echo \"error: The sandbox is not in sync with the Podfile.lock. Run 'pod install' or update your CocoaPods installation.\" >&2\n    exit 1\nfi\n# This output is used by Xcode 'outputs' to avoid re-running this script phase.\necho \"SUCCESS\" > \"${SCRIPT_OUTPUT_FILE_0}\"\n";
			showEnvVarsInLog = 0;
		};
		D8FE527DD0F6480BDC8154CC /* [CP] Check Pods Manifest.lock */ = {
			isa = PBXShellScriptBuildPhase;
			buildActionMask = 2147483647;
			files = (
			);
			inputFileListPaths = (
			);
			inputPaths = (
				"${PODS_PODFILE_DIR_PATH}/Podfile.lock",
				"${PODS_ROOT}/Manifest.lock",
			);
			name = "[CP] Check Pods Manifest.lock";
			outputFileListPaths = (
			);
			outputPaths = (
				"$(DERIVED_FILE_DIR)/Pods-CountryList-CountryListUITests-checkManifestLockResult.txt",
			);
			runOnlyForDeploymentPostprocessing = 0;
			shellPath = /bin/sh;
			shellScript = "diff \"${PODS_PODFILE_DIR_PATH}/Podfile.lock\" \"${PODS_ROOT}/Manifest.lock\" > /dev/null\nif [ $? != 0 ] ; then\n    # print error to STDERR\n    echo \"error: The sandbox is not in sync with the Podfile.lock. Run 'pod install' or update your CocoaPods installation.\" >&2\n    exit 1\nfi\n# This output is used by Xcode 'outputs' to avoid re-running this script phase.\necho \"SUCCESS\" > \"${SCRIPT_OUTPUT_FILE_0}\"\n";
			showEnvVarsInLog = 0;
		};
/* End PBXShellScriptBuildPhase section */

/* Begin PBXSourcesBuildPhase section */
		DDD55E5F2DFFCDDE00C231CA /* Sources */ = {
			isa = PBXSourcesBuildPhase;
			buildActionMask = 2147483647;
			files = (
			);
			runOnlyForDeploymentPostprocessing = 0;
		};
		DDD55E6F2DFFCDDF00C231CA /* Sources */ = {
			isa = PBXSourcesBuildPhase;
			buildActionMask = 2147483647;
			files = (
			);
			runOnlyForDeploymentPostprocessing = 0;
		};
		DDD55E792DFFCDDF00C231CA /* Sources */ = {
			isa = PBXSourcesBuildPhase;
			buildActionMask = 2147483647;
			files = (
			);
			runOnlyForDeploymentPostprocessing = 0;
		};
/* End PBXSourcesBuildPhase section */

/* Begin PBXTargetDependency section */
		DDD55E752DFFCDDF00C231CA /* PBXTargetDependency */ = {
			isa = PBXTargetDependency;
			target = DDD55E622DFFCDDE00C231CA /* CountryList */;
			targetProxy = DDD55E742DFFCDDF00C231CA /* PBXContainerItemProxy */;
		};
		DDD55E7F2DFFCDDF00C231CA /* PBXTargetDependency */ = {
			isa = PBXTargetDependency;
			target = DDD55E622DFFCDDE00C231CA /* CountryList */;
			targetProxy = DDD55E7E2DFFCDDF00C231CA /* PBXContainerItemProxy */;
		};
/* End PBXTargetDependency section */

/* Begin XCBuildConfiguration section */
		DDD55E852DFFCDDF00C231CA /* Debug */ = {
			isa = XCBuildConfiguration;
			buildSettings = {
				ALWAYS_SEARCH_USER_PATHS = NO;
				ASSETCATALOG_COMPILER_GENERATE_SWIFT_ASSET_SYMBOL_EXTENSIONS = YES;
				CLANG_ANALYZER_NONNULL = YES;
				CLANG_ANALYZER_NUMBER_OBJECT_CONVERSION = YES_AGGRESSIVE;
				CLANG_CXX_LANGUAGE_STANDARD = "gnu++20";
				CLANG_ENABLE_MODULES = YES;
				CLANG_ENABLE_OBJC_ARC = YES;
				CLANG_ENABLE_OBJC_WEAK = YES;
				CLANG_WARN_BLOCK_CAPTURE_AUTORELEASING = YES;
				CLANG_WARN_BOOL_CONVERSION = YES;
				CLANG_WARN_COMMA = YES;
				CLANG_WARN_CONSTANT_CONVERSION = YES;
				CLANG_WARN_DEPRECATED_OBJC_IMPLEMENTATIONS = YES;
				CLANG_WARN_DIRECT_OBJC_ISA_USAGE = YES_ERROR;
				CLANG_WARN_DOCUMENTATION_COMMENTS = YES;
				CLANG_WARN_EMPTY_BODY = YES;
				CLANG_WARN_ENUM_CONVERSION = YES;
				CLANG_WARN_INFINITE_RECURSION = YES;
				CLANG_WARN_INT_CONVERSION = YES;
				CLANG_WARN_NON_LITERAL_NULL_CONVERSION = YES;
				CLANG_WARN_OBJC_IMPLICIT_RETAIN_SELF = YES;
				CLANG_WARN_OBJC_LITERAL_CONVERSION = YES;
				CLANG_WARN_OBJC_ROOT_CLASS = YES_ERROR;
				CLANG_WARN_QUOTED_INCLUDE_IN_FRAMEWORK_HEADER = YES;
				CLANG_WARN_RANGE_LOOP_ANALYSIS = YES;
				CLANG_WARN_STRICT_PROTOTYPES = YES;
				CLANG_WARN_SUSPICIOUS_MOVE = YES;
				CLANG_WARN_UNGUARDED_AVAILABILITY = YES_AGGRESSIVE;
				CLANG_WARN_UNREACHABLE_CODE = YES;
				CLANG_WARN__DUPLICATE_METHOD_MATCH = YES;
				COPY_PHASE_STRIP = NO;
				DEBUG_INFORMATION_FORMAT = dwarf;
				ENABLE_STRICT_OBJC_MSGSEND = YES;
				ENABLE_TESTABILITY = YES;
				ENABLE_USER_SCRIPT_SANDBOXING = YES;
				GCC_C_LANGUAGE_STANDARD = gnu17;
				GCC_DYNAMIC_NO_PIC = NO;
				GCC_NO_COMMON_BLOCKS = YES;
				GCC_OPTIMIZATION_LEVEL = 0;
				GCC_PREPROCESSOR_DEFINITIONS = (
					"DEBUG=1",
					"$(inherited)",
				);
				GCC_WARN_64_TO_32_BIT_CONVERSION = YES;
				GCC_WARN_ABOUT_RETURN_TYPE = YES_ERROR;
				GCC_WARN_UNDECLARED_SELECTOR = YES;
				GCC_WARN_UNINITIALIZED_AUTOS = YES_AGGRESSIVE;
				GCC_WARN_UNUSED_FUNCTION = YES;
				GCC_WARN_UNUSED_VARIABLE = YES;
				IPHONEOS_DEPLOYMENT_TARGET = 18.2;
				LOCALIZATION_PREFERS_STRING_CATALOGS = YES;
				MTL_ENABLE_DEBUG_INFO = INCLUDE_SOURCE;
				MTL_FAST_MATH = YES;
				ONLY_ACTIVE_ARCH = YES;
				SDKROOT = iphoneos;
				SWIFT_ACTIVE_COMPILATION_CONDITIONS = "DEBUG $(inherited)";
				SWIFT_OPTIMIZATION_LEVEL = "-Onone";
			};
			name = Debug;
		};
		DDD55E862DFFCDDF00C231CA /* Release */ = {
			isa = XCBuildConfiguration;
			buildSettings = {
				ALWAYS_SEARCH_USER_PATHS = NO;
				ASSETCATALOG_COMPILER_GENERATE_SWIFT_ASSET_SYMBOL_EXTENSIONS = YES;
				CLANG_ANALYZER_NONNULL = YES;
				CLANG_ANALYZER_NUMBER_OBJECT_CONVERSION = YES_AGGRESSIVE;
				CLANG_CXX_LANGUAGE_STANDARD = "gnu++20";
				CLANG_ENABLE_MODULES = YES;
				CLANG_ENABLE_OBJC_ARC = YES;
				CLANG_ENABLE_OBJC_WEAK = YES;
				CLANG_WARN_BLOCK_CAPTURE_AUTORELEASING = YES;
				CLANG_WARN_BOOL_CONVERSION = YES;
				CLANG_WARN_COMMA = YES;
				CLANG_WARN_CONSTANT_CONVERSION = YES;
				CLANG_WARN_DEPRECATED_OBJC_IMPLEMENTATIONS = YES;
				CLANG_WARN_DIRECT_OBJC_ISA_USAGE = YES_ERROR;
				CLANG_WARN_DOCUMENTATION_COMMENTS = YES;
				CLANG_WARN_EMPTY_BODY = YES;
				CLANG_WARN_ENUM_CONVERSION = YES;
				CLANG_WARN_INFINITE_RECURSION = YES;
				CLANG_WARN_INT_CONVERSION = YES;
				CLANG_WARN_NON_LITERAL_NULL_CONVERSION = YES;
				CLANG_WARN_OBJC_IMPLICIT_RETAIN_SELF = YES;
				CLANG_WARN_OBJC_LITERAL_CONVERSION = YES;
				CLANG_WARN_OBJC_ROOT_CLASS = YES_ERROR;
				CLANG_WARN_QUOTED_INCLUDE_IN_FRAMEWORK_HEADER = YES;
				CLANG_WARN_RANGE_LOOP_ANALYSIS = YES;
				CLANG_WARN_STRICT_PROTOTYPES = YES;
				CLANG_WARN_SUSPICIOUS_MOVE = YES;
				CLANG_WARN_UNGUARDED_AVAILABILITY = YES_AGGRESSIVE;
				CLANG_WARN_UNREACHABLE_CODE = YES;
				CLANG_WARN__DUPLICATE_METHOD_MATCH = YES;
				COPY_PHASE_STRIP = NO;
				DEBUG_INFORMATION_FORMAT = "dwarf-with-dsym";
				ENABLE_NS_ASSERTIONS = NO;
				ENABLE_STRICT_OBJC_MSGSEND = YES;
				ENABLE_USER_SCRIPT_SANDBOXING = YES;
				GCC_C_LANGUAGE_STANDARD = gnu17;
				GCC_NO_COMMON_BLOCKS = YES;
				GCC_WARN_64_TO_32_BIT_CONVERSION = YES;
				GCC_WARN_ABOUT_RETURN_TYPE = YES_ERROR;
				GCC_WARN_UNDECLARED_SELECTOR = YES;
				GCC_WARN_UNINITIALIZED_AUTOS = YES_AGGRESSIVE;
				GCC_WARN_UNUSED_FUNCTION = YES;
				GCC_WARN_UNUSED_VARIABLE = YES;
				IPHONEOS_DEPLOYMENT_TARGET = 18.2;
				LOCALIZATION_PREFERS_STRING_CATALOGS = YES;
				MTL_ENABLE_DEBUG_INFO = NO;
				MTL_FAST_MATH = YES;
				SDKROOT = iphoneos;
				SWIFT_COMPILATION_MODE = wholemodule;
				VALIDATE_PRODUCT = YES;
			};
			name = Release;
		};
		DDD55E882DFFCDDF00C231CA /* Debug */ = {
			isa = XCBuildConfiguration;
			baseConfigurationReference = A933B0677C8A0787011F8AF0 /* Pods-CountryList.debug.xcconfig */;
			buildSettings = {
				ASSETCATALOG_COMPILER_APPICON_NAME = AppIcon;
				ASSETCATALOG_COMPILER_GLOBAL_ACCENT_COLOR_NAME = AccentColor;
				CODE_SIGN_STYLE = Automatic;
				CURRENT_PROJECT_VERSION = 1;
				DEVELOPMENT_ASSET_PATHS = "\"CountryList/Preview Content\"";
				ENABLE_PREVIEWS = YES;
				GENERATE_INFOPLIST_FILE = YES;
				INFOPLIST_KEY_UIApplicationSceneManifest_Generation = YES;
				INFOPLIST_KEY_UIApplicationSupportsIndirectInputEvents = YES;
				INFOPLIST_KEY_UILaunchScreen_Generation = YES;
				INFOPLIST_KEY_UISupportedInterfaceOrientations_iPad = "UIInterfaceOrientationPortrait UIInterfaceOrientationPortraitUpsideDown UIInterfaceOrientationLandscapeLeft UIInterfaceOrientationLandscapeRight";
				INFOPLIST_KEY_UISupportedInterfaceOrientations_iPhone = "UIInterfaceOrientationPortrait UIInterfaceOrientationLandscapeLeft UIInterfaceOrientationLandscapeRight";
				LD_RUNPATH_SEARCH_PATHS = (
					"$(inherited)",
					"@executable_path/Frameworks",
				);
				MARKETING_VERSION = 1.0;
				PRODUCT_BUNDLE_IDENTIFIER = com.shreyas.CountryList;
				PRODUCT_NAME = "$(TARGET_NAME)";
				SWIFT_EMIT_LOC_STRINGS = YES;
				SWIFT_VERSION = 5.0;
				TARGETED_DEVICE_FAMILY = "1,2";
			};
			name = Debug;
		};
		DDD55E892DFFCDDF00C231CA /* Release */ = {
			isa = XCBuildConfiguration;
			baseConfigurationReference = DA6E966A881BF747AA6CBD6D /* Pods-CountryList.release.xcconfig */;
			buildSettings = {
				ASSETCATALOG_COMPILER_APPICON_NAME = AppIcon;
				ASSETCATALOG_COMPILER_GLOBAL_ACCENT_COLOR_NAME = AccentColor;
				CODE_SIGN_STYLE = Automatic;
				CURRENT_PROJECT_VERSION = 1;
				DEVELOPMENT_ASSET_PATHS = "\"CountryList/Preview Content\"";
				ENABLE_PREVIEWS = YES;
				GENERATE_INFOPLIST_FILE = YES;
				INFOPLIST_KEY_UIApplicationSceneManifest_Generation = YES;
				INFOPLIST_KEY_UIApplicationSupportsIndirectInputEvents = YES;
				INFOPLIST_KEY_UILaunchScreen_Generation = YES;
				INFOPLIST_KEY_UISupportedInterfaceOrientations_iPad = "UIInterfaceOrientationPortrait UIInterfaceOrientationPortraitUpsideDown UIInterfaceOrientationLandscapeLeft UIInterfaceOrientationLandscapeRight";
				INFOPLIST_KEY_UISupportedInterfaceOrientations_iPhone = "UIInterfaceOrientationPortrait UIInterfaceOrientationLandscapeLeft UIInterfaceOrientationLandscapeRight";
				LD_RUNPATH_SEARCH_PATHS = (
					"$(inherited)",
					"@executable_path/Frameworks",
				);
				MARKETING_VERSION = 1.0;
				PRODUCT_BUNDLE_IDENTIFIER = com.shreyas.CountryList;
				PRODUCT_NAME = "$(TARGET_NAME)";
				SWIFT_EMIT_LOC_STRINGS = YES;
				SWIFT_VERSION = 5.0;
				TARGETED_DEVICE_FAMILY = "1,2";
			};
			name = Release;
		};
		DDD55E8B2DFFCDDF00C231CA /* Debug */ = {
			isa = XCBuildConfiguration;
			baseConfigurationReference = EBFDC9204594292EAA0518D0 /* Pods-CountryListTests.debug.xcconfig */;
			buildSettings = {
				BUNDLE_LOADER = "$(TEST_HOST)";
				CODE_SIGN_STYLE = Automatic;
				CURRENT_PROJECT_VERSION = 1;
				GENERATE_INFOPLIST_FILE = YES;
				IPHONEOS_DEPLOYMENT_TARGET = 18.2;
				MARKETING_VERSION = 1.0;
				PRODUCT_BUNDLE_IDENTIFIER = com.shreyas.CountryListTests;
				PRODUCT_NAME = "$(TARGET_NAME)";
				SWIFT_EMIT_LOC_STRINGS = NO;
				SWIFT_VERSION = 5.0;
				TARGETED_DEVICE_FAMILY = "1,2";
				TEST_HOST = "$(BUILT_PRODUCTS_DIR)/CountryList.app/$(BUNDLE_EXECUTABLE_FOLDER_PATH)/CountryList";
			};
			name = Debug;
		};
		DDD55E8C2DFFCDDF00C231CA /* Release */ = {
			isa = XCBuildConfiguration;
			baseConfigurationReference = 9ADBE525C66620372A91E82F /* Pods-CountryListTests.release.xcconfig */;
			buildSettings = {
				BUNDLE_LOADER = "$(TEST_HOST)";
				CODE_SIGN_STYLE = Automatic;
				CURRENT_PROJECT_VERSION = 1;
				GENERATE_INFOPLIST_FILE = YES;
				IPHONEOS_DEPLOYMENT_TARGET = 18.2;
				MARKETING_VERSION = 1.0;
				PRODUCT_BUNDLE_IDENTIFIER = com.shreyas.CountryListTests;
				PRODUCT_NAME = "$(TARGET_NAME)";
				SWIFT_EMIT_LOC_STRINGS = NO;
				SWIFT_VERSION = 5.0;
				TARGETED_DEVICE_FAMILY = "1,2";
				TEST_HOST = "$(BUILT_PRODUCTS_DIR)/CountryList.app/$(BUNDLE_EXECUTABLE_FOLDER_PATH)/CountryList";
			};
			name = Release;
		};
		DDD55E8E2DFFCDDF00C231CA /* Debug */ = {
			isa = XCBuildConfiguration;
			baseConfigurationReference = AF786D804009A90E25FDA2DE /* Pods-CountryList-CountryListUITests.debug.xcconfig */;
			buildSettings = {
				CODE_SIGN_STYLE = Automatic;
				CURRENT_PROJECT_VERSION = 1;
				GENERATE_INFOPLIST_FILE = YES;
				MARKETING_VERSION = 1.0;
				PRODUCT_BUNDLE_IDENTIFIER = com.shreyas.CountryListUITests;
				PRODUCT_NAME = "$(TARGET_NAME)";
				SWIFT_EMIT_LOC_STRINGS = NO;
				SWIFT_VERSION = 5.0;
				TARGETED_DEVICE_FAMILY = "1,2";
				TEST_TARGET_NAME = CountryList;
			};
			name = Debug;
		};
		DDD55E8F2DFFCDDF00C231CA /* Release */ = {
			isa = XCBuildConfiguration;
			baseConfigurationReference = C65CA4DD358BEB0AC39AF3D0 /* Pods-CountryList-CountryListUITests.release.xcconfig */;
			buildSettings = {
				CODE_SIGN_STYLE = Automatic;
				CURRENT_PROJECT_VERSION = 1;
				GENERATE_INFOPLIST_FILE = YES;
				MARKETING_VERSION = 1.0;
				PRODUCT_BUNDLE_IDENTIFIER = com.shreyas.CountryListUITests;
				PRODUCT_NAME = "$(TARGET_NAME)";
				SWIFT_EMIT_LOC_STRINGS = NO;
				SWIFT_VERSION = 5.0;
				TARGETED_DEVICE_FAMILY = "1,2";
				TEST_TARGET_NAME = CountryList;
			};
			name = Release;
		};
/* End XCBuildConfiguration section */

/* Begin XCConfigurationList section */
		DDD55E5E2DFFCDDE00C231CA /* Build configuration list for PBXProject "CountryList" */ = {
			isa = XCConfigurationList;
			buildConfigurations = (
				DDD55E852DFFCDDF00C231CA /* Debug */,
				DDD55E862DFFCDDF00C231CA /* Release */,
			);
			defaultConfigurationIsVisible = 0;
			defaultConfigurationName = Release;
		};
		DDD55E872DFFCDDF00C231CA /* Build configuration list for PBXNativeTarget "CountryList" */ = {
			isa = XCConfigurationList;
			buildConfigurations = (
				DDD55E882DFFCDDF00C231CA /* Debug */,
				DDD55E892DFFCDDF00C231CA /* Release */,
			);
			defaultConfigurationIsVisible = 0;
			defaultConfigurationName = Release;
		};
		DDD55E8A2DFFCDDF00C231CA /* Build configuration list for PBXNativeTarget "CountryListTests" */ = {
			isa = XCConfigurationList;
			buildConfigurations = (
				DDD55E8B2DFFCDDF00C231CA /* Debug */,
				DDD55E8C2DFFCDDF00C231CA /* Release */,
			);
			defaultConfigurationIsVisible = 0;
			defaultConfigurationName = Release;
		};
		DDD55E8D2DFFCDDF00C231CA /* Build configuration list for PBXNativeTarget "CountryListUITests" */ = {
			isa = XCConfigurationList;
			buildConfigurations = (
				DDD55E8E2DFFCDDF00C231CA /* Debug */,
				DDD55E8F2DFFCDDF00C231CA /* Release */,
			);
			defaultConfigurationIsVisible = 0;
			defaultConfigurationName = Release;
		};
/* End XCConfigurationList section */

/* Begin XCRemoteSwiftPackageReference section */
		DD092E192DFFD4B5005C5901 /* XCRemoteSwiftPackageReference "apollo-ios" */ = {
			isa = XCRemoteSwiftPackageReference;
			repositoryURL = "https://github.com/apollographql/apollo-ios.git";
			requirement = {
				kind = upToNextMajorVersion;
				minimumVersion = 1.22.0;
			};
		};
/* End XCRemoteSwiftPackageReference section */

/* Begin XCSwiftPackageProductDependency section */
		DD092E1A2DFFD4B5005C5901 /* Apollo */ = {
			isa = XCSwiftPackageProductDependency;
			package = DD092E192DFFD4B5005C5901 /* XCRemoteSwiftPackageReference "apollo-ios" */;
			productName = Apollo;
		};
/* End XCSwiftPackageProductDependency section */
	};
	rootObject = DDD55E5B2DFFCDDE00C231CA /* Project object */;
}
